// !$*UTF8*$!
{
	archiveVersion = 1;
	classes = {
	};
	objectVersion = 46;
	objects = {

/* Begin PBXBuildFile section */
		70361A831E52641F001597D4 /* Constants.swift in Sources */ = {isa = PBXBuildFile; fileRef = 70361A821E52641F001597D4 /* Constants.swift */; };
		703C45211E5291BF000B7D6B /* Extensions.swift in Sources */ = {isa = PBXBuildFile; fileRef = 703C45201E5291BF000B7D6B /* Extensions.swift */; };
		703C45241E529208000B7D6B /* DiscoverablePeerCell.swift in Sources */ = {isa = PBXBuildFile; fileRef = 703C45231E529208000B7D6B /* DiscoverablePeerCell.swift */; };
		703C45291E5294DB000B7D6B /* NetworkHistoryView.swift in Sources */ = {isa = PBXBuildFile; fileRef = 703C45281E5294DB000B7D6B /* NetworkHistoryView.swift */; };
		703C452B1E529E4E000B7D6B /* NetworkProfileView.swift in Sources */ = {isa = PBXBuildFile; fileRef = 703C452A1E529E4E000B7D6B /* NetworkProfileView.swift */; };
		703C452D1E52ABF8000B7D6B /* BaseCell.swift in Sources */ = {isa = PBXBuildFile; fileRef = 703C452C1E52ABF8000B7D6B /* BaseCell.swift */; };
		703C452F1E52ACBB000B7D6B /* NetworkHistoryCell.swift in Sources */ = {isa = PBXBuildFile; fileRef = 703C452E1E52ACBB000B7D6B /* NetworkHistoryCell.swift */; };
		703C45311E53A4B3000B7D6B /* MPCManager.swift in Sources */ = {isa = PBXBuildFile; fileRef = 703C45301E53A4B3000B7D6B /* MPCManager.swift */; };
		707755F31E5A43A9009F3092 /* NetworkProfileCell.swift in Sources */ = {isa = PBXBuildFile; fileRef = 707755F21E5A43A9009F3092 /* NetworkProfileCell.swift */; };
		707755F51E5B5F6D009F3092 /* DataStore.swift in Sources */ = {isa = PBXBuildFile; fileRef = 707755F41E5B5F6D009F3092 /* DataStore.swift */; };
		707755F71E5B6EDC009F3092 /* ContactInfo.swift in Sources */ = {isa = PBXBuildFile; fileRef = 707755F61E5B6EDB009F3092 /* ContactInfo.swift */; };
		707755F91E5B77DE009F3092 /* ProfileDetailViewController.swift in Sources */ = {isa = PBXBuildFile; fileRef = 707755F81E5B77DE009F3092 /* ProfileDetailViewController.swift */; };
		709320CA1E54E0E9006721EF /* ChatViewController.swift in Sources */ = {isa = PBXBuildFile; fileRef = 709320C91E54E0E9006721EF /* ChatViewController.swift */; };
		70BDF3E91E523AFA00913494 /* AppDelegate.swift in Sources */ = {isa = PBXBuildFile; fileRef = 70BDF3E81E523AFA00913494 /* AppDelegate.swift */; };
		70BDF3EB1E523AFA00913494 /* MainViewController.swift in Sources */ = {isa = PBXBuildFile; fileRef = 70BDF3EA1E523AFA00913494 /* MainViewController.swift */; };
		70BDF3EE1E523AFA00913494 /* Main.storyboard in Resources */ = {isa = PBXBuildFile; fileRef = 70BDF3EC1E523AFA00913494 /* Main.storyboard */; };
		70BDF3F11E523AFA00913494 /* Metwork.xcdatamodeld in Sources */ = {isa = PBXBuildFile; fileRef = 70BDF3EF1E523AFA00913494 /* Metwork.xcdatamodeld */; };
		70BDF3F31E523AFA00913494 /* Assets.xcassets in Resources */ = {isa = PBXBuildFile; fileRef = 70BDF3F21E523AFA00913494 /* Assets.xcassets */; };
		70BDF3F61E523AFA00913494 /* LaunchScreen.storyboard in Resources */ = {isa = PBXBuildFile; fileRef = 70BDF3F41E523AFA00913494 /* LaunchScreen.storyboard */; };
/* End PBXBuildFile section */

/* Begin PBXFileReference section */
		70361A821E52641F001597D4 /* Constants.swift */ = {isa = PBXFileReference; fileEncoding = 4; lastKnownFileType = sourcecode.swift; path = Constants.swift; sourceTree = "<group>"; };
		703C45201E5291BF000B7D6B /* Extensions.swift */ = {isa = PBXFileReference; fileEncoding = 4; lastKnownFileType = sourcecode.swift; path = Extensions.swift; sourceTree = "<group>"; };
		703C45231E529208000B7D6B /* DiscoverablePeerCell.swift */ = {isa = PBXFileReference; fileEncoding = 4; lastKnownFileType = sourcecode.swift; path = DiscoverablePeerCell.swift; sourceTree = "<group>"; };
		703C45281E5294DB000B7D6B /* NetworkHistoryView.swift */ = {isa = PBXFileReference; fileEncoding = 4; lastKnownFileType = sourcecode.swift; path = NetworkHistoryView.swift; sourceTree = "<group>"; };
		703C452A1E529E4E000B7D6B /* NetworkProfileView.swift */ = {isa = PBXFileReference; fileEncoding = 4; lastKnownFileType = sourcecode.swift; path = NetworkProfileView.swift; sourceTree = "<group>"; };
		703C452C1E52ABF8000B7D6B /* BaseCell.swift */ = {isa = PBXFileReference; fileEncoding = 4; lastKnownFileType = sourcecode.swift; path = BaseCell.swift; sourceTree = "<group>"; };
		703C452E1E52ACBB000B7D6B /* NetworkHistoryCell.swift */ = {isa = PBXFileReference; fileEncoding = 4; lastKnownFileType = sourcecode.swift; path = NetworkHistoryCell.swift; sourceTree = "<group>"; };
		703C45301E53A4B3000B7D6B /* MPCManager.swift */ = {isa = PBXFileReference; fileEncoding = 4; lastKnownFileType = sourcecode.swift; path = MPCManager.swift; sourceTree = "<group>"; };
		707755F21E5A43A9009F3092 /* NetworkProfileCell.swift */ = {isa = PBXFileReference; fileEncoding = 4; lastKnownFileType = sourcecode.swift; path = NetworkProfileCell.swift; sourceTree = "<group>"; };
		707755F41E5B5F6D009F3092 /* DataStore.swift */ = {isa = PBXFileReference; fileEncoding = 4; lastKnownFileType = sourcecode.swift; path = DataStore.swift; sourceTree = "<group>"; };
		707755F61E5B6EDB009F3092 /* ContactInfo.swift */ = {isa = PBXFileReference; fileEncoding = 4; lastKnownFileType = sourcecode.swift; path = ContactInfo.swift; sourceTree = "<group>"; };
		707755F81E5B77DE009F3092 /* ProfileDetailViewController.swift */ = {isa = PBXFileReference; fileEncoding = 4; lastKnownFileType = sourcecode.swift; path = ProfileDetailViewController.swift; sourceTree = "<group>"; };
		709320C91E54E0E9006721EF /* ChatViewController.swift */ = {isa = PBXFileReference; fileEncoding = 4; lastKnownFileType = sourcecode.swift; path = ChatViewController.swift; sourceTree = "<group>"; };
		70BDF3E51E523AFA00913494 /* Metwork.app */ = {isa = PBXFileReference; explicitFileType = wrapper.application; includeInIndex = 0; path = Metwork.app; sourceTree = BUILT_PRODUCTS_DIR; };
		70BDF3E81E523AFA00913494 /* AppDelegate.swift */ = {isa = PBXFileReference; lastKnownFileType = sourcecode.swift; path = AppDelegate.swift; sourceTree = "<group>"; };
		70BDF3EA1E523AFA00913494 /* MainViewController.swift */ = {isa = PBXFileReference; lastKnownFileType = sourcecode.swift; path = MainViewController.swift; sourceTree = "<group>"; };
		70BDF3ED1E523AFA00913494 /* Base */ = {isa = PBXFileReference; lastKnownFileType = file.storyboard; name = Base; path = Base.lproj/Main.storyboard; sourceTree = "<group>"; };
		70BDF3F01E523AFA00913494 /* Metwork.xcdatamodel */ = {isa = PBXFileReference; lastKnownFileType = wrapper.xcdatamodel; path = Metwork.xcdatamodel; sourceTree = "<group>"; };
		70BDF3F21E523AFA00913494 /* Assets.xcassets */ = {isa = PBXFileReference; lastKnownFileType = folder.assetcatalog; path = Assets.xcassets; sourceTree = "<group>"; };
		70BDF3F51E523AFA00913494 /* Base */ = {isa = PBXFileReference; lastKnownFileType = file.storyboard; name = Base; path = Base.lproj/LaunchScreen.storyboard; sourceTree = "<group>"; };
		70BDF3F71E523AFA00913494 /* Info.plist */ = {isa = PBXFileReference; lastKnownFileType = text.plist.xml; path = Info.plist; sourceTree = "<group>"; };
/* End PBXFileReference section */

/* Begin PBXFrameworksBuildPhase section */
		70BDF3E21E523AFA00913494 /* Frameworks */ = {
			isa = PBXFrameworksBuildPhase;
			buildActionMask = 2147483647;
			files = (
			);
			runOnlyForDeploymentPostprocessing = 0;
		};
/* End PBXFrameworksBuildPhase section */

/* Begin PBXGroup section */
		703C45221E5291F7000B7D6B /* Model */ = {
			isa = PBXGroup;
			children = (
				703C45301E53A4B3000B7D6B /* MPCManager.swift */,
				707755F61E5B6EDB009F3092 /* ContactInfo.swift */,
			);
			name = Model;
			sourceTree = "<group>";
		};
		703C45251E529254000B7D6B /* View */ = {
			isa = PBXGroup;
			children = (
				703C452C1E52ABF8000B7D6B /* BaseCell.swift */,
				703C45231E529208000B7D6B /* DiscoverablePeerCell.swift */,
				703C45281E5294DB000B7D6B /* NetworkHistoryView.swift */,
				703C452E1E52ACBB000B7D6B /* NetworkHistoryCell.swift */,
				703C452A1E529E4E000B7D6B /* NetworkProfileView.swift */,
				707755F21E5A43A9009F3092 /* NetworkProfileCell.swift */,
				70BDF3EC1E523AFA00913494 /* Main.storyboard */,
				70BDF3F41E523AFA00913494 /* LaunchScreen.storyboard */,
			);
			name = View;
			sourceTree = "<group>";
		};
		703C45261E52926F000B7D6B /* Support */ = {
			isa = PBXGroup;
			children = (
				70361A821E52641F001597D4 /* Constants.swift */,
				703C45201E5291BF000B7D6B /* Extensions.swift */,
				707755F41E5B5F6D009F3092 /* DataStore.swift */,
				70BDF3F21E523AFA00913494 /* Assets.xcassets */,
				70BDF3F71E523AFA00913494 /* Info.plist */,
				70BDF3EF1E523AFA00913494 /* Metwork.xcdatamodeld */,
			);
			name = Support;
			sourceTree = "<group>";
		};
		703C45271E529292000B7D6B /* Controller */ = {
			isa = PBXGroup;
			children = (
				70BDF3E81E523AFA00913494 /* AppDelegate.swift */,
				707755F81E5B77DE009F3092 /* ProfileDetailViewController.swift */,
				70BDF3EA1E523AFA00913494 /* MainViewController.swift */,
				709320C91E54E0E9006721EF /* ChatViewController.swift */,
			);
			name = Controller;
			sourceTree = "<group>";
		};
		70BDF3DC1E523AF900913494 = {
			isa = PBXGroup;
			children = (
				70BDF3E71E523AFA00913494 /* Metwork */,
				70BDF3E61E523AFA00913494 /* Products */,
			);
			sourceTree = "<group>";
		};
		70BDF3E61E523AFA00913494 /* Products */ = {
			isa = PBXGroup;
			children = (
				70BDF3E51E523AFA00913494 /* Metwork.app */,
			);
			name = Products;
			sourceTree = "<group>";
		};
		70BDF3E71E523AFA00913494 /* Metwork */ = {
			isa = PBXGroup;
			children = (
				703C45221E5291F7000B7D6B /* Model */,
				703C45251E529254000B7D6B /* View */,
				703C45271E529292000B7D6B /* Controller */,
				703C45261E52926F000B7D6B /* Support */,
			);
			path = Metwork;
			sourceTree = "<group>";
		};
/* End PBXGroup section */

/* Begin PBXNativeTarget section */
		70BDF3E41E523AFA00913494 /* Metwork */ = {
			isa = PBXNativeTarget;
			buildConfigurationList = 70BDF3FA1E523AFA00913494 /* Build configuration list for PBXNativeTarget "Metwork" */;
			buildPhases = (
				70BDF3E11E523AFA00913494 /* Sources */,
				70BDF3E21E523AFA00913494 /* Frameworks */,
				70BDF3E31E523AFA00913494 /* Resources */,
				SWIFCLEANCUSTOMRUNSCRIPT /* Swift-Clean Run Script */,
			);
			buildRules = (
			);
			dependencies = (
			);
			name = Metwork;
			productName = Metwork;
			productReference = 70BDF3E51E523AFA00913494 /* Metwork.app */;
			productType = "com.apple.product-type.application";
		};
/* End PBXNativeTarget section */

/* Begin PBXProject section */
		70BDF3DD1E523AF900913494 /* Project object */ = {
			isa = PBXProject;
			attributes = {
				LastSwiftUpdateCheck = 0810;
				LastUpgradeCheck = 0810;
				ORGANIZATIONNAME = "Michael Young";
				TargetAttributes = {
					70BDF3E41E523AFA00913494 = {
						CreatedOnToolsVersion = 8.1;
						DevelopmentTeam = C345NN9NLC;
						ProvisioningStyle = Automatic;
					};
				};
			};
			buildConfigurationList = 70BDF3E01E523AF900913494 /* Build configuration list for PBXProject "Metwork" */;
			compatibilityVersion = "Xcode 3.2";
			developmentRegion = English;
			hasScannedForEncodings = 0;
			knownRegions = (
				en,
				Base,
			);
			mainGroup = 70BDF3DC1E523AF900913494;
			productRefGroup = 70BDF3E61E523AFA00913494 /* Products */;
			projectDirPath = "";
			projectRoot = "";
			targets = (
				70BDF3E41E523AFA00913494 /* Metwork */,
			);
		};
/* End PBXProject section */

/* Begin PBXResourcesBuildPhase section */
		70BDF3E31E523AFA00913494 /* Resources */ = {
			isa = PBXResourcesBuildPhase;
			buildActionMask = 2147483647;
			files = (
				70BDF3F61E523AFA00913494 /* LaunchScreen.storyboard in Resources */,
				70BDF3F31E523AFA00913494 /* Assets.xcassets in Resources */,
				70BDF3EE1E523AFA00913494 /* Main.storyboard in Resources */,
			);
			runOnlyForDeploymentPostprocessing = 0;
		};
/* End PBXResourcesBuildPhase section */

/* Begin PBXShellScriptBuildPhase section */
		SWIFCLEANCUSTOMRUNSCRIPT /* Swift-Clean Run Script */ = {
			isa = PBXShellScriptBuildPhase;
			buildActionMask = 2147483647;
			files = (
			);
			inputPaths = (
			);
			name = "Swift-Clean Run Script";
			outputPaths = (
			);
			runOnlyForDeploymentPostprocessing = 0;
			shellPath = /bin/bash;
			shellScript = "if [[ -z ${SKIP_SWIFTCLEAN} || ${SKIP_SWIFTCLEAN} != 1 ]]; then\nif [[ -d \"${LOCAL_APPS_DIR}/Swift-Clean.app\" ]]; then \n\"${LOCAL_APPS_DIR}\"/Swift-Clean.app/Contents/Resources/SwiftClean.app/Contents/MacOS/SwiftClean \"${SRCROOT}\" \nelse\necho \"warning: You have to install and set up Swift-Clean to use its features!\" \nfi\nfi";
		};
/* End PBXShellScriptBuildPhase section */

/* Begin PBXSourcesBuildPhase section */
		70BDF3E11E523AFA00913494 /* Sources */ = {
			isa = PBXSourcesBuildPhase;
			buildActionMask = 2147483647;
			files = (
				703C45211E5291BF000B7D6B /* Extensions.swift in Sources */,
				707755F91E5B77DE009F3092 /* ProfileDetailViewController.swift in Sources */,
				703C45311E53A4B3000B7D6B /* MPCManager.swift in Sources */,
				70BDF3F11E523AFA00913494 /* Metwork.xcdatamodeld in Sources */,
				703C452B1E529E4E000B7D6B /* NetworkProfileView.swift in Sources */,
				703C452F1E52ACBB000B7D6B /* NetworkHistoryCell.swift in Sources */,
				707755F31E5A43A9009F3092 /* NetworkProfileCell.swift in Sources */,
				707755F71E5B6EDC009F3092 /* ContactInfo.swift in Sources */,
				703C45241E529208000B7D6B /* DiscoverablePeerCell.swift in Sources */,
				703C452D1E52ABF8000B7D6B /* BaseCell.swift in Sources */,
				70BDF3EB1E523AFA00913494 /* MainViewController.swift in Sources */,
				703C45291E5294DB000B7D6B /* NetworkHistoryView.swift in Sources */,
				70BDF3E91E523AFA00913494 /* AppDelegate.swift in Sources */,
				707755F51E5B5F6D009F3092 /* DataStore.swift in Sources */,
				70361A831E52641F001597D4 /* Constants.swift in Sources */,
				709320CA1E54E0E9006721EF /* ChatViewController.swift in Sources */,
			);
			runOnlyForDeploymentPostprocessing = 0;
		};
/* End PBXSourcesBuildPhase section */

/* Begin PBXVariantGroup section */
		70BDF3EC1E523AFA00913494 /* Main.storyboard */ = {
			isa = PBXVariantGroup;
			children = (
				70BDF3ED1E523AFA00913494 /* Base */,
			);
			name = Main.storyboard;
			sourceTree = "<group>";
		};
		70BDF3F41E523AFA00913494 /* LaunchScreen.storyboard */ = {
			isa = PBXVariantGroup;
			children = (
				70BDF3F51E523AFA00913494 /* Base */,
			);
			name = LaunchScreen.storyboard;
			sourceTree = "<group>";
		};
/* End PBXVariantGroup section */

/* Begin XCBuildConfiguration section */
		70BDF3F81E523AFA00913494 /* Debug */ = {
			isa = XCBuildConfiguration;
			buildSettings = {
				ALWAYS_SEARCH_USER_PATHS = NO;
				CLANG_ANALYZER_NONNULL = YES;
				CLANG_CXX_LANGUAGE_STANDARD = "gnu++0x";
				CLANG_CXX_LIBRARY = "libc++";
				CLANG_ENABLE_MODULES = YES;
				CLANG_ENABLE_OBJC_ARC = YES;
				CLANG_WARN_BOOL_CONVERSION = YES;
				CLANG_WARN_CONSTANT_CONVERSION = YES;
				CLANG_WARN_DIRECT_OBJC_ISA_USAGE = YES_ERROR;
				CLANG_WARN_DOCUMENTATION_COMMENTS = YES;
				CLANG_WARN_EMPTY_BODY = YES;
				CLANG_WARN_ENUM_CONVERSION = YES;
				CLANG_WARN_INFINITE_RECURSION = YES;
				CLANG_WARN_INT_CONVERSION = YES;
				CLANG_WARN_OBJC_ROOT_CLASS = YES_ERROR;
				CLANG_WARN_SUSPICIOUS_MOVES = YES;
				CLANG_WARN_UNREACHABLE_CODE = YES;
				CLANG_WARN__DUPLICATE_METHOD_MATCH = YES;
				"CODE_SIGN_IDENTITY[sdk=iphoneos*]" = "iPhone Developer";
				COPY_PHASE_STRIP = NO;
				DEBUG_INFORMATION_FORMAT = dwarf;
				ENABLE_STRICT_OBJC_MSGSEND = YES;
				ENABLE_TESTABILITY = YES;
				GCC_C_LANGUAGE_STANDARD = gnu99;
				GCC_DYNAMIC_NO_PIC = NO;
				GCC_NO_COMMON_BLOCKS = YES;
				GCC_OPTIMIZATION_LEVEL = 0;
				GCC_PREPROCESSOR_DEFINITIONS = (
					"DEBUG=1",
					"$(inherited)",
				);
				GCC_WARN_64_TO_32_BIT_CONVERSION = YES;
				GCC_WARN_ABOUT_RETURN_TYPE = YES_ERROR;
				GCC_WARN_UNDECLARED_SELECTOR = YES;
				GCC_WARN_UNINITIALIZED_AUTOS = YES_AGGRESSIVE;
				GCC_WARN_UNUSED_FUNCTION = YES;
				GCC_WARN_UNUSED_VARIABLE = YES;
				IPHONEOS_DEPLOYMENT_TARGET = 10.1;
				MTL_ENABLE_DEBUG_INFO = YES;
				ONLY_ACTIVE_ARCH = YES;
				SDKROOT = iphoneos;
				SWIFT_ACTIVE_COMPILATION_CONDITIONS = DEBUG;
				SWIFT_OPTIMIZATION_LEVEL = "-Onone";
			};
			name = Debug;
		};
		70BDF3F91E523AFA00913494 /* Release */ = {
			isa = XCBuildConfiguration;
			buildSettings = {
				ALWAYS_SEARCH_USER_PATHS = NO;
				CLANG_ANALYZER_NONNULL = YES;
				CLANG_CXX_LANGUAGE_STANDARD = "gnu++0x";
				CLANG_CXX_LIBRARY = "libc++";
				CLANG_ENABLE_MODULES = YES;
				CLANG_ENABLE_OBJC_ARC = YES;
				CLANG_WARN_BOOL_CONVERSION = YES;
				CLANG_WARN_CONSTANT_CONVERSION = YES;
				CLANG_WARN_DIRECT_OBJC_ISA_USAGE = YES_ERROR;
				CLANG_WARN_DOCUMENTATION_COMMENTS = YES;
				CLANG_WARN_EMPTY_BODY = YES;
				CLANG_WARN_ENUM_CONVERSION = YES;
				CLANG_WARN_INFINITE_RECURSION = YES;
				CLANG_WARN_INT_CONVERSION = YES;
				CLANG_WARN_OBJC_ROOT_CLASS = YES_ERROR;
				CLANG_WARN_SUSPICIOUS_MOVES = YES;
				CLANG_WARN_UNREACHABLE_CODE = YES;
				CLANG_WARN__DUPLICATE_METHOD_MATCH = YES;
				"CODE_SIGN_IDENTITY[sdk=iphoneos*]" = "iPhone Developer";
				COPY_PHASE_STRIP = NO;
				DEBUG_INFORMATION_FORMAT = "dwarf-with-dsym";
				ENABLE_NS_ASSERTIONS = NO;
				ENABLE_STRICT_OBJC_MSGSEND = YES;
				GCC_C_LANGUAGE_STANDARD = gnu99;
				GCC_NO_COMMON_BLOCKS = YES;
				GCC_WARN_64_TO_32_BIT_CONVERSION = YES;
				GCC_WARN_ABOUT_RETURN_TYPE = YES_ERROR;
				GCC_WARN_UNDECLARED_SELECTOR = YES;
				GCC_WARN_UNINITIALIZED_AUTOS = YES_AGGRESSIVE;
				GCC_WARN_UNUSED_FUNCTION = YES;
				GCC_WARN_UNUSED_VARIABLE = YES;
				IPHONEOS_DEPLOYMENT_TARGET = 10.1;
				MTL_ENABLE_DEBUG_INFO = NO;
				SDKROOT = iphoneos;
				SWIFT_OPTIMIZATION_LEVEL = "-Owholemodule";
				VALIDATE_PRODUCT = YES;
			};
			name = Release;
		};
		70BDF3FB1E523AFA00913494 /* Debug */ = {
			isa = XCBuildConfiguration;
			buildSettings = {
				ASSETCATALOG_COMPILER_APPICON_NAME = AppIcon;
				DEVELOPMENT_TEAM = C345NN9NLC;
				INFOPLIST_FILE = Metwork/Info.plist;
				IPHONEOS_DEPLOYMENT_TARGET = 10;
				LD_RUNPATH_SEARCH_PATHS = "$(inherited) @executable_path/Frameworks";
				PRODUCT_BUNDLE_IDENTIFIER = com.jicaey.Metwork;
				PRODUCT_NAME = "$(TARGET_NAME)";
				SWIFT_VERSION = 3.0;
			};
			name = Debug;
		};
		70BDF3FC1E523AFA00913494 /* Release */ = {
			isa = XCBuildConfiguration;
			buildSettings = {
				ASSETCATALOG_COMPILER_APPICON_NAME = AppIcon;
				DEVELOPMENT_TEAM = C345NN9NLC;
				INFOPLIST_FILE = Metwork/Info.plist;
				IPHONEOS_DEPLOYMENT_TARGET = 10;
				LD_RUNPATH_SEARCH_PATHS = "$(inherited) @executable_path/Frameworks";
				PRODUCT_BUNDLE_IDENTIFIER = com.jicaey.Metwork;
				PRODUCT_NAME = "$(TARGET_NAME)";
				SWIFT_VERSION = 3.0;
			};
			name = Release;
		};
/* End XCBuildConfiguration section */

/* Begin XCConfigurationList section */
		70BDF3E01E523AF900913494 /* Build configuration list for PBXProject "Metwork" */ = {
			isa = XCConfigurationList;
			buildConfigurations = (
				70BDF3F81E523AFA00913494 /* Debug */,
				70BDF3F91E523AFA00913494 /* Release */,
			);
			defaultConfigurationIsVisible = 0;
			defaultConfigurationName = Release;
		};
		70BDF3FA1E523AFA00913494 /* Build configuration list for PBXNativeTarget "Metwork" */ = {
			isa = XCConfigurationList;
			buildConfigurations = (
				70BDF3FB1E523AFA00913494 /* Debug */,
				70BDF3FC1E523AFA00913494 /* Release */,
			);
			defaultConfigurationIsVisible = 0;
			defaultConfigurationName = Release;
		};
/* End XCConfigurationList section */

/* Begin XCVersionGroup section */
		70BDF3EF1E523AFA00913494 /* Metwork.xcdatamodeld */ = {
			isa = XCVersionGroup;
			children = (
				70BDF3F01E523AFA00913494 /* Metwork.xcdatamodel */,
			);
			currentVersion = 70BDF3F01E523AFA00913494 /* Metwork.xcdatamodel */;
			path = Metwork.xcdatamodeld;
			sourceTree = "<group>";
			versionGroupType = wrapper.xcdatamodel;
		};
/* End XCVersionGroup section */
	};
	rootObject = 70BDF3DD1E523AF900913494 /* Project object */;
}
